
Microsoft Visual Studio Solution File, Format Version 12.00
# Visual Studio Version 17
VisualStudioVersion = 17.11.35312.102
MinimumVisualStudioVersion = 10.0.40219.1
Project("{FAE04EC0-301F-11D3-BF4B-00C04F79EFBC}") = "MakineYonetimSistemi", "MakineYonetimSistemi\MakineYonetimSistemi.csproj", "{DD773EE9-5CC6-498D-959B-6DD5D8CF0E04}"
EndProject
Project("{54435603-DBB4-11D2-8724-00A0C9A8B90C}") = "fabritrack", "fabritrack\fabritrack.vdproj", "{0FA5955E-5EA6-448E-BC3C-827B6F84837A}"
EndProject
Global
	GlobalSection(SolutionConfigurationPlatforms) = preSolution
		Debug|Any CPU = Debug|Any CPU
		Release|Any CPU = Release|Any CPU
	EndGlobalSection
	GlobalSection(ProjectConfigurationPlatforms) = postSolution
		{DD773EE9-5CC6-498D-959B-6DD5D8CF0E04}.Debug|Any CPU.ActiveCfg = Debug|Any CPU
		{DD773EE9-5CC6-498D-959B-6DD5D8CF0E04}.Debug|Any CPU.Build.0 = Debug|Any CPU
		{DD773EE9-5CC6-498D-959B-6DD5D8CF0E04}.Release|Any CPU.ActiveCfg = Release|Any CPU
		{DD773EE9-5CC6-498D-959B-6DD5D8CF0E04}.Release|Any CPU.Build.0 = Release|Any CPU
		{0FA5955E-5EA6-448E-BC3C-827B6F84837A}.Debug|Any CPU.ActiveCfg = Debug
		{0FA5955E-5EA6-448E-BC3C-827B6F84837A}.Release|Any CPU.ActiveCfg = Release
	EndGlobalSection
	GlobalSection(SolutionProperties) = preSolution
		HideSolutionNode = FALSE
	EndGlobalSection
	GlobalSection(ExtensibilityGlobals) = postSolution
		SolutionGuid = {29C55771-D1CC-4C81-B953-E54808F817EF}
	EndGlobalSection
EndGlobal
